g.sacerb.com/imagecache v0.0.0-20240828214541-df39b3ca4008 h1:9KztzM5TrMJejbQSWeQAl+pr0chv6hPxM1LL0eNYNtw=
g.sacerb.com/imagecache v0.0.0-20240828214541-df39b3ca4008/go.mod h1:mr0oevgQm1oHuMNFegjoXjEXSunC1PEi4Tm9W1K1SNw=
g.sacerb.com/sacer v0.0.0-20240826123409-4ccc3c5a5ee0 h1:xiDAfdng8zVvbK2zsLqmSj9yRiUG6QmYRcldZ2NuoyA=
g.sacerb.com/sacer v0.0.0-20240826123409-4ccc3c5a5ee0/go.mod h1:Q/cfI+xREALT3lojWw8hROhyHk0EQi9QnNfzZodVOvk=
github.com/antonbaumann/german-go-stemmer v1.2.0 h1:TAjEnUcXBwtBeP+GBSA5awf0vRt9cDGvVxiyP1dJXbI=
github.com/antonbaumann/german-go-stemmer v1.2.0/go.mod h1:ouebn6Y1yVNz5ztTIAv+n0yOUDRLweUSlK1SR/Tqa9g=
github.com/gorilla/mux v1.8.1 h1:TuBL49tXwgrFYWhqrNgrUNEY92u81SPhu7sTdzQEiWY=
github.com/gorilla/mux v1.8.1/go.mod h1:AKf9I4AEqPTmMytcMc0KkNouC66V3BtZ4qD5fmWSiMQ=
github.com/kennygrant/sanitize v1.2.4 h1:gN25/otpP5vAsO2djbMhF/LQX6R7+O1TB4yv8NzpJ3o=
github.com/kennygrant/sanitize v1.2.4/go.mod h1:LGsjYYtgxbetdg5owWB2mpgUL6e2nfw2eObZ0u0qvak=
github.com/rwcarlsen/goexif v0.0.0-20190401172101-9e8deecbddbd h1:CmH9+J6ZSsIjUK3dcGsnCnO41eRBOnY12zwkn5qVwgc=
github.com/rwcarlsen/goexif v0.0.0-20190401172101-9e8deecbddbd/go.mod h1:hPqNNc0+uJM6H+SuU8sEs5K5IQeKccPqeSjfgcKGgPk=
github.com/yuin/goldmark v1.7.4 h1:BDXOHExt+A7gwPCJgPIIq7ENvceR7we7rOS9TNoLZeg=
github.com/yuin/goldmark v1.7.4/go.mod h1:uzxRWxtg69N339t3louHJ7+O03ezfj6PlliRlaOzY1E=
golang.org/x/net v0.28.0 h1:a9JDOJc5GMUJ0+UDqmLT86WiEy7iWyIhz8gz8E4e5hE=
golang.org/x/net v0.28.0/go.mod h1:yqtgsTWOOnlGLG9GFRrK3++bGOUEkNBoHZc8MEDWPNg=
gopkg.in/check.v1 v0.0.0-20161208181325-20d25e280405 h1:yhCVgyC4o1eVCa2tZl7eS0r+SDo693bJlVdllGtEeKM=
gopkg.in/check.v1 v0.0.0-20161208181325-20d25e280405/go.mod h1:Co6ibVJAznAaIkqp8huTwlJQCZ016jof/cbN4VW5Yz0=
gopkg.in/gographics/imagick.v2 v2.7.0 h1:Acluvnk5MhtETFX4EVnt9NbjC32ROaaC3bx6nJueHJk=
gopkg.in/gographics/imagick.v2 v2.7.0/go.mod h1:/QVPLV/iKdNttRKthmDkeeGg+vdHurVEPc8zkU0XgBk=
gopkg.in/yaml.v3 v3.0.1 h1:fxVm/GzAzEWqLHuvctI91KS9hhNmmWOoWu0XTYJS7CA=
gopkg.in/yaml.v3 v3.0.1/go.mod h1:K4uyk7z7BCEPqu6E+C64Yfv1cQ7kz7rIZviUmN+EgEM=
